// !$*UTF8*$!
{
	archiveVersion = 1;
	classes = {
	};
	objectVersion = 48;
	objects = {

/* Begin PBXBuildFile section */
		040C941C1FE8C3E6005727A7 /* JK_WKScriptMessageHandler.m in Sources */ = {isa = PBXBuildFile; fileRef = 040C941B1FE8C3E6005727A7 /* JK_WKScriptMessageHandler.m */; };
		040C941F1FE8D876005727A7 /* NSObject+SelectorExtension.m in Sources */ = {isa = PBXBuildFile; fileRef = 040C941E1FE8D876005727A7 /* NSObject+SelectorExtension.m */; };
		040C94221FE8EA8D005727A7 /* NSURLProtocol+WebKitCache.m in Sources */ = {isa = PBXBuildFile; fileRef = 040C94211FE8EA8D005727A7 /* NSURLProtocol+WebKitCache.m */; };
		042911551FE3C99800812F17 /* JKGuidePageWindow.m in Sources */ = {isa = PBXBuildFile; fileRef = 042911541FE3C99800812F17 /* JKGuidePageWindow.m */; };
		04CE17E71FE7A30A002ECD5D /* JKUtility.m in Sources */ = {isa = PBXBuildFile; fileRef = 04CE17E61FE7A30A002ECD5D /* JKUtility.m */; };
		52C2AB303A85FE3FD72776C6 /* libPods-JKNetWorkingDemo.a in Frameworks */ = {isa = PBXBuildFile; fileRef = BA38D6422FA13D7D2CD99420 /* libPods-JKNetWorkingDemo.a */; };
		BF08F9C11F7B7F0E008A3F66 /* AppDelegate.m in Sources */ = {isa = PBXBuildFile; fileRef = BF08F9C01F7B7F0E008A3F66 /* AppDelegate.m */; };
		BF08F9C41F7B7F0E008A3F66 /* ViewController.m in Sources */ = {isa = PBXBuildFile; fileRef = BF08F9C31F7B7F0E008A3F66 /* ViewController.m */; };
		BF08F9C71F7B7F0E008A3F66 /* Main.storyboard in Resources */ = {isa = PBXBuildFile; fileRef = BF08F9C51F7B7F0E008A3F66 /* Main.storyboard */; };
		BF08F9C91F7B7F0E008A3F66 /* Assets.xcassets in Resources */ = {isa = PBXBuildFile; fileRef = BF08F9C81F7B7F0E008A3F66 /* Assets.xcassets */; };
		BF08F9CC1F7B7F0E008A3F66 /* LaunchScreen.storyboard in Resources */ = {isa = PBXBuildFile; fileRef = BF08F9CA1F7B7F0E008A3F66 /* LaunchScreen.storyboard */; };
		BF08F9CF1F7B7F0E008A3F66 /* main.m in Sources */ = {isa = PBXBuildFile; fileRef = BF08F9CE1F7B7F0E008A3F66 /* main.m */; };
		BF505B15211D427200B6CC79 /* NetWorkHelper.m in Sources */ = {isa = PBXBuildFile; fileRef = BF505B14211D427200B6CC79 /* NetWorkHelper.m */; };
		BF505B18211D6CF800B6CC79 /* JKNetWorking.m in Sources */ = {isa = PBXBuildFile; fileRef = BF505B17211D6CF800B6CC79 /* JKNetWorking.m */; };
		BF505B1B211D6DE400B6CC79 /* JKNetWorking+Encrypt.m in Sources */ = {isa = PBXBuildFile; fileRef = BF505B1A211D6DE400B6CC79 /* JKNetWorking+Encrypt.m */; };
		BF505B1E211D6E3A00B6CC79 /* JKNetWorking+FailureRefresh.m in Sources */ = {isa = PBXBuildFile; fileRef = BF505B1D211D6E3A00B6CC79 /* JKNetWorking+FailureRefresh.m */; };
		BF505B21211D6E6900B6CC79 /* JKNetWorking+HTTPMethod.m in Sources */ = {isa = PBXBuildFile; fileRef = BF505B20211D6E6900B6CC79 /* JKNetWorking+HTTPMethod.m */; };
		BF505B24211D6EBD00B6CC79 /* JKNetWorking+Response.m in Sources */ = {isa = PBXBuildFile; fileRef = BF505B23211D6EBD00B6CC79 /* JKNetWorking+Response.m */; };
		BF6240961FE635F900B336DE /* JKGuidePageViewController.m in Sources */ = {isa = PBXBuildFile; fileRef = BF6240951FE635F900B336DE /* JKGuidePageViewController.m */; };
/* End PBXBuildFile section */

/* Begin PBXFileReference section */
		040C941A1FE8C3E6005727A7 /* JK_WKScriptMessageHandler.h */ = {isa = PBXFileReference; lastKnownFileType = sourcecode.c.h; path = JK_WKScriptMessageHandler.h; sourceTree = "<group>"; };
		040C941B1FE8C3E6005727A7 /* JK_WKScriptMessageHandler.m */ = {isa = PBXFileReference; lastKnownFileType = sourcecode.c.objc; path = JK_WKScriptMessageHandler.m; sourceTree = "<group>"; };
		040C941D1FE8D876005727A7 /* NSObject+SelectorExtension.h */ = {isa = PBXFileReference; lastKnownFileType = sourcecode.c.h; path = "NSObject+SelectorExtension.h"; sourceTree = "<group>"; };
		040C941E1FE8D876005727A7 /* NSObject+SelectorExtension.m */ = {isa = PBXFileReference; lastKnownFileType = sourcecode.c.objc; path = "NSObject+SelectorExtension.m"; sourceTree = "<group>"; };
		040C94201FE8EA8D005727A7 /* NSURLProtocol+WebKitCache.h */ = {isa = PBXFileReference; lastKnownFileType = sourcecode.c.h; path = "NSURLProtocol+WebKitCache.h"; sourceTree = "<group>"; };
		040C94211FE8EA8D005727A7 /* NSURLProtocol+WebKitCache.m */ = {isa = PBXFileReference; lastKnownFileType = sourcecode.c.objc; path = "NSURLProtocol+WebKitCache.m"; sourceTree = "<group>"; };
		040C94281FEA2C36005727A7 /* JKGuidePage.h */ = {isa = PBXFileReference; lastKnownFileType = sourcecode.c.h; path = JKGuidePage.h; sourceTree = "<group>"; };
		042911531FE3C99800812F17 /* JKGuidePageWindow.h */ = {isa = PBXFileReference; lastKnownFileType = sourcecode.c.h; path = JKGuidePageWindow.h; sourceTree = "<group>"; };
		042911541FE3C99800812F17 /* JKGuidePageWindow.m */ = {isa = PBXFileReference; lastKnownFileType = sourcecode.c.objc; path = JKGuidePageWindow.m; sourceTree = "<group>"; };
		04CE17E51FE7A30A002ECD5D /* JKUtility.h */ = {isa = PBXFileReference; lastKnownFileType = sourcecode.c.h; path = JKUtility.h; sourceTree = "<group>"; };
		04CE17E61FE7A30A002ECD5D /* JKUtility.m */ = {isa = PBXFileReference; lastKnownFileType = sourcecode.c.objc; path = JKUtility.m; sourceTree = "<group>"; };
		680CCE8123418F9C37A49840 /* Pods-JKNetWorkingDemo.release.xcconfig */ = {isa = PBXFileReference; includeInIndex = 1; lastKnownFileType = text.xcconfig; name = "Pods-JKNetWorkingDemo.release.xcconfig"; path = "Pods/Target Support Files/Pods-JKNetWorkingDemo/Pods-JKNetWorkingDemo.release.xcconfig"; sourceTree = "<group>"; };
		759587BABC79822948681959 /* Pods-JKNetWorkingDemo.debug.xcconfig */ = {isa = PBXFileReference; includeInIndex = 1; lastKnownFileType = text.xcconfig; name = "Pods-JKNetWorkingDemo.debug.xcconfig"; path = "Pods/Target Support Files/Pods-JKNetWorkingDemo/Pods-JKNetWorkingDemo.debug.xcconfig"; sourceTree = "<group>"; };
		BA38D6422FA13D7D2CD99420 /* libPods-JKNetWorkingDemo.a */ = {isa = PBXFileReference; explicitFileType = archive.ar; includeInIndex = 0; path = "libPods-JKNetWorkingDemo.a"; sourceTree = BUILT_PRODUCTS_DIR; };
		BF08F9BC1F7B7F0E008A3F66 /* JKNetWorkingDemo.app */ = {isa = PBXFileReference; explicitFileType = wrapper.application; includeInIndex = 0; path = JKNetWorkingDemo.app; sourceTree = BUILT_PRODUCTS_DIR; };
		BF08F9BF1F7B7F0E008A3F66 /* AppDelegate.h */ = {isa = PBXFileReference; lastKnownFileType = sourcecode.c.h; path = AppDelegate.h; sourceTree = "<group>"; };
		BF08F9C01F7B7F0E008A3F66 /* AppDelegate.m */ = {isa = PBXFileReference; lastKnownFileType = sourcecode.c.objc; path = AppDelegate.m; sourceTree = "<group>"; };
		BF08F9C21F7B7F0E008A3F66 /* ViewController.h */ = {isa = PBXFileReference; lastKnownFileType = sourcecode.c.h; path = ViewController.h; sourceTree = "<group>"; };
		BF08F9C31F7B7F0E008A3F66 /* ViewController.m */ = {isa = PBXFileReference; lastKnownFileType = sourcecode.c.objc; path = ViewController.m; sourceTree = "<group>"; };
		BF08F9C61F7B7F0E008A3F66 /* Base */ = {isa = PBXFileReference; lastKnownFileType = file.storyboard; name = Base; path = Base.lproj/Main.storyboard; sourceTree = "<group>"; };
		BF08F9C81F7B7F0E008A3F66 /* Assets.xcassets */ = {isa = PBXFileReference; lastKnownFileType = folder.assetcatalog; path = Assets.xcassets; sourceTree = "<group>"; };
		BF08F9CB1F7B7F0E008A3F66 /* Base */ = {isa = PBXFileReference; lastKnownFileType = file.storyboard; name = Base; path = Base.lproj/LaunchScreen.storyboard; sourceTree = "<group>"; };
		BF08F9CD1F7B7F0E008A3F66 /* Info.plist */ = {isa = PBXFileReference; lastKnownFileType = text.plist.xml; path = Info.plist; sourceTree = "<group>"; };
		BF08F9CE1F7B7F0E008A3F66 /* main.m */ = {isa = PBXFileReference; lastKnownFileType = sourcecode.c.objc; path = main.m; sourceTree = "<group>"; };
		BF505B13211D427200B6CC79 /* NetWorkHelper.h */ = {isa = PBXFileReference; lastKnownFileType = sourcecode.c.h; path = NetWorkHelper.h; sourceTree = "<group>"; };
		BF505B14211D427200B6CC79 /* NetWorkHelper.m */ = {isa = PBXFileReference; lastKnownFileType = sourcecode.c.objc; path = NetWorkHelper.m; sourceTree = "<group>"; };
		BF505B16211D6CF800B6CC79 /* JKNetWorking.h */ = {isa = PBXFileReference; lastKnownFileType = sourcecode.c.h; path = JKNetWorking.h; sourceTree = "<group>"; };
		BF505B17211D6CF800B6CC79 /* JKNetWorking.m */ = {isa = PBXFileReference; lastKnownFileType = sourcecode.c.objc; path = JKNetWorking.m; sourceTree = "<group>"; };
		BF505B19211D6DE400B6CC79 /* JKNetWorking+Encrypt.h */ = {isa = PBXFileReference; lastKnownFileType = sourcecode.c.h; path = "JKNetWorking+Encrypt.h"; sourceTree = "<group>"; };
		BF505B1A211D6DE400B6CC79 /* JKNetWorking+Encrypt.m */ = {isa = PBXFileReference; lastKnownFileType = sourcecode.c.objc; path = "JKNetWorking+Encrypt.m"; sourceTree = "<group>"; };
		BF505B1C211D6E3A00B6CC79 /* JKNetWorking+FailureRefresh.h */ = {isa = PBXFileReference; lastKnownFileType = sourcecode.c.h; path = "JKNetWorking+FailureRefresh.h"; sourceTree = "<group>"; };
		BF505B1D211D6E3A00B6CC79 /* JKNetWorking+FailureRefresh.m */ = {isa = PBXFileReference; lastKnownFileType = sourcecode.c.objc; path = "JKNetWorking+FailureRefresh.m"; sourceTree = "<group>"; };
		BF505B1F211D6E6900B6CC79 /* JKNetWorking+HTTPMethod.h */ = {isa = PBXFileReference; lastKnownFileType = sourcecode.c.h; path = "JKNetWorking+HTTPMethod.h"; sourceTree = "<group>"; };
		BF505B20211D6E6900B6CC79 /* JKNetWorking+HTTPMethod.m */ = {isa = PBXFileReference; lastKnownFileType = sourcecode.c.objc; path = "JKNetWorking+HTTPMethod.m"; sourceTree = "<group>"; };
		BF505B22211D6EBD00B6CC79 /* JKNetWorking+Response.h */ = {isa = PBXFileReference; lastKnownFileType = sourcecode.c.h; path = "JKNetWorking+Response.h"; sourceTree = "<group>"; };
		BF505B23211D6EBD00B6CC79 /* JKNetWorking+Response.m */ = {isa = PBXFileReference; lastKnownFileType = sourcecode.c.objc; path = "JKNetWorking+Response.m"; sourceTree = "<group>"; };
		BF6240941FE635F900B336DE /* JKGuidePageViewController.h */ = {isa = PBXFileReference; lastKnownFileType = sourcecode.c.h; path = JKGuidePageViewController.h; sourceTree = "<group>"; };
		BF6240951FE635F900B336DE /* JKGuidePageViewController.m */ = {isa = PBXFileReference; lastKnownFileType = sourcecode.c.objc; path = JKGuidePageViewController.m; sourceTree = "<group>"; };
/* End PBXFileReference section */

/* Begin PBXFrameworksBuildPhase section */
		BF08F9B91F7B7F0E008A3F66 /* Frameworks */ = {
			isa = PBXFrameworksBuildPhase;
			buildActionMask = 2147483647;
			files = (
				52C2AB303A85FE3FD72776C6 /* libPods-JKNetWorkingDemo.a in Frameworks */,
			);
			runOnlyForDeploymentPostprocessing = 0;
		};
/* End PBXFrameworksBuildPhase section */

/* Begin PBXGroup section */
		0429114F1FE3838400812F17 /* JKGuidePage */ = {
			isa = PBXGroup;
			children = (
				04CE17E51FE7A30A002ECD5D /* JKUtility.h */,
				04CE17E61FE7A30A002ECD5D /* JKUtility.m */,
				040C941D1FE8D876005727A7 /* NSObject+SelectorExtension.h */,
				040C941E1FE8D876005727A7 /* NSObject+SelectorExtension.m */,
				040C94201FE8EA8D005727A7 /* NSURLProtocol+WebKitCache.h */,
				040C94211FE8EA8D005727A7 /* NSURLProtocol+WebKitCache.m */,
				042911531FE3C99800812F17 /* JKGuidePageWindow.h */,
				042911541FE3C99800812F17 /* JKGuidePageWindow.m */,
				BF6240941FE635F900B336DE /* JKGuidePageViewController.h */,
				BF6240951FE635F900B336DE /* JKGuidePageViewController.m */,
				040C941A1FE8C3E6005727A7 /* JK_WKScriptMessageHandler.h */,
				040C941B1FE8C3E6005727A7 /* JK_WKScriptMessageHandler.m */,
				040C94281FEA2C36005727A7 /* JKGuidePage.h */,
			);
			path = JKGuidePage;
			sourceTree = "<group>";
		};
		2179777892839B7DEA61BDB1 /* Frameworks */ = {
			isa = PBXGroup;
			children = (
				BA38D6422FA13D7D2CD99420 /* libPods-JKNetWorkingDemo.a */,
			);
			name = Frameworks;
			sourceTree = "<group>";
		};
		AB0C69AC91F81357FA7B5D88 /* Pods */ = {
			isa = PBXGroup;
			children = (
				759587BABC79822948681959 /* Pods-JKNetWorkingDemo.debug.xcconfig */,
				680CCE8123418F9C37A49840 /* Pods-JKNetWorkingDemo.release.xcconfig */,
			);
			name = Pods;
			sourceTree = "<group>";
		};
		BF08F9B31F7B7F0E008A3F66 = {
			isa = PBXGroup;
			children = (
				BF08F9BE1F7B7F0E008A3F66 /* JKNetWorkingDemo */,
				BF08F9BD1F7B7F0E008A3F66 /* Products */,
				AB0C69AC91F81357FA7B5D88 /* Pods */,
				2179777892839B7DEA61BDB1 /* Frameworks */,
			);
			sourceTree = "<group>";
		};
		BF08F9BD1F7B7F0E008A3F66 /* Products */ = {
			isa = PBXGroup;
			children = (
				BF08F9BC1F7B7F0E008A3F66 /* JKNetWorkingDemo.app */,
			);
			name = Products;
			sourceTree = "<group>";
		};
		BF08F9BE1F7B7F0E008A3F66 /* JKNetWorkingDemo */ = {
			isa = PBXGroup;
			children = (
				BF505B0C211D3F8500B6CC79 /* JKNetWorking */,
				0429114F1FE3838400812F17 /* JKGuidePage */,
				BF08F9BF1F7B7F0E008A3F66 /* AppDelegate.h */,
				BF08F9C01F7B7F0E008A3F66 /* AppDelegate.m */,
				BF08F9C21F7B7F0E008A3F66 /* ViewController.h */,
				BF08F9C31F7B7F0E008A3F66 /* ViewController.m */,
				BF08F9C51F7B7F0E008A3F66 /* Main.storyboard */,
				BF08F9C81F7B7F0E008A3F66 /* Assets.xcassets */,
				BF08F9CA1F7B7F0E008A3F66 /* LaunchScreen.storyboard */,
				BF08F9CD1F7B7F0E008A3F66 /* Info.plist */,
				BF08F9CE1F7B7F0E008A3F66 /* main.m */,
			);
			path = JKNetWorkingDemo;
			sourceTree = "<group>";
		};
		BF505B0C211D3F8500B6CC79 /* JKNetWorking */ = {
			isa = PBXGroup;
			children = (
				BF505B13211D427200B6CC79 /* NetWorkHelper.h */,
				BF505B14211D427200B6CC79 /* NetWorkHelper.m */,
				BF505B16211D6CF800B6CC79 /* JKNetWorking.h */,
				BF505B17211D6CF800B6CC79 /* JKNetWorking.m */,
				BF505B19211D6DE400B6CC79 /* JKNetWorking+Encrypt.h */,
				BF505B1A211D6DE400B6CC79 /* JKNetWorking+Encrypt.m */,
				BF505B1C211D6E3A00B6CC79 /* JKNetWorking+FailureRefresh.h */,
				BF505B1D211D6E3A00B6CC79 /* JKNetWorking+FailureRefresh.m */,
				BF505B1F211D6E6900B6CC79 /* JKNetWorking+HTTPMethod.h */,
				BF505B20211D6E6900B6CC79 /* JKNetWorking+HTTPMethod.m */,
				BF505B22211D6EBD00B6CC79 /* JKNetWorking+Response.h */,
				BF505B23211D6EBD00B6CC79 /* JKNetWorking+Response.m */,
			);
			path = JKNetWorking;
			sourceTree = "<group>";
		};
/* End PBXGroup section */

/* Begin PBXNativeTarget section */
		BF08F9BB1F7B7F0E008A3F66 /* JKNetWorkingDemo */ = {
			isa = PBXNativeTarget;
			buildConfigurationList = BF08F9D21F7B7F0E008A3F66 /* Build configuration list for PBXNativeTarget "JKNetWorkingDemo" */;
			buildPhases = (
				51AC2D4E836DC0275DEDFABE /* [CP] Check Pods Manifest.lock */,
				BF08F9B81F7B7F0E008A3F66 /* Sources */,
				BF08F9B91F7B7F0E008A3F66 /* Frameworks */,
				BF08F9BA1F7B7F0E008A3F66 /* Resources */,
				4F34739CDB8D1F668688DD08 /* [CP] Embed Pods Frameworks */,
				D43E2C47EAD5E10E0DCB9E28 /* [CP] Copy Pods Resources */,
			);
			buildRules = (
			);
			dependencies = (
			);
			name = JKNetWorkingDemo;
			productName = JKNetWorkingDemo;
			productReference = BF08F9BC1F7B7F0E008A3F66 /* JKNetWorkingDemo.app */;
			productType = "com.apple.product-type.application";
		};
/* End PBXNativeTarget section */

/* Begin PBXProject section */
		BF08F9B41F7B7F0E008A3F66 /* Project object */ = {
			isa = PBXProject;
			attributes = {
				LastUpgradeCheck = 0900;
				ORGANIZATIONNAME = "姜奎";
				TargetAttributes = {
					BF08F9BB1F7B7F0E008A3F66 = {
						CreatedOnToolsVersion = 9.0;
						ProvisioningStyle = Automatic;
					};
				};
			};
			buildConfigurationList = BF08F9B71F7B7F0E008A3F66 /* Build configuration list for PBXProject "JKNetWorkingDemo" */;
			compatibilityVersion = "Xcode 8.0";
			developmentRegion = en;
			hasScannedForEncodings = 0;
			knownRegions = (
				en,
				Base,
			);
			mainGroup = BF08F9B31F7B7F0E008A3F66;
			productRefGroup = BF08F9BD1F7B7F0E008A3F66 /* Products */;
			projectDirPath = "";
			projectRoot = "";
			targets = (
				BF08F9BB1F7B7F0E008A3F66 /* JKNetWorkingDemo */,
			);
		};
/* End PBXProject section */

/* Begin PBXResourcesBuildPhase section */
		BF08F9BA1F7B7F0E008A3F66 /* Resources */ = {
			isa = PBXResourcesBuildPhase;
			buildActionMask = 2147483647;
			files = (
				BF08F9CC1F7B7F0E008A3F66 /* LaunchScreen.storyboard in Resources */,
				BF08F9C91F7B7F0E008A3F66 /* Assets.xcassets in Resources */,
				BF08F9C71F7B7F0E008A3F66 /* Main.storyboard in Resources */,
			);
			runOnlyForDeploymentPostprocessing = 0;
		};
/* End PBXResourcesBuildPhase section */

/* Begin PBXShellScriptBuildPhase section */
		4F34739CDB8D1F668688DD08 /* [CP] Embed Pods Frameworks */ = {
			isa = PBXShellScriptBuildPhase;
			buildActionMask = 2147483647;
			files = (
			);
			inputPaths = (
			);
			name = "[CP] Embed Pods Frameworks";
			outputPaths = (
			);
			runOnlyForDeploymentPostprocessing = 0;
			shellPath = /bin/sh;
			shellScript = "\"${SRCROOT}/Pods/Target Support Files/Pods-JKNetWorkingDemo/Pods-JKNetWorkingDemo-frameworks.sh\"\n";
			showEnvVarsInLog = 0;
		};
		51AC2D4E836DC0275DEDFABE /* [CP] Check Pods Manifest.lock */ = {
			isa = PBXShellScriptBuildPhase;
			buildActionMask = 2147483647;
			files = (
			);
			inputPaths = (
				"${PODS_PODFILE_DIR_PATH}/Podfile.lock",
				"${PODS_ROOT}/Manifest.lock",
			);
			name = "[CP] Check Pods Manifest.lock";
			outputPaths = (
				"$(DERIVED_FILE_DIR)/Pods-JKNetWorkingDemo-checkManifestLockResult.txt",
			);
			runOnlyForDeploymentPostprocessing = 0;
			shellPath = /bin/sh;
			shellScript = "diff \"${PODS_PODFILE_DIR_PATH}/Podfile.lock\" \"${PODS_ROOT}/Manifest.lock\" > /dev/null\nif [ $? != 0 ] ; then\n    # print error to STDERR\n    echo \"error: The sandbox is not in sync with the Podfile.lock. Run 'pod install' or update your CocoaPods installation.\" >&2\n    exit 1\nfi\n# This output is used by Xcode 'outputs' to avoid re-running this script phase.\necho \"SUCCESS\" > \"${SCRIPT_OUTPUT_FILE_0}\"\n";
			showEnvVarsInLog = 0;
		};
		D43E2C47EAD5E10E0DCB9E28 /* [CP] Copy Pods Resources */ = {
			isa = PBXShellScriptBuildPhase;
			buildActionMask = 2147483647;
			files = (
			);
			inputPaths = (
			);
			name = "[CP] Copy Pods Resources";
			outputPaths = (
			);
			runOnlyForDeploymentPostprocessing = 0;
			shellPath = /bin/sh;
			shellScript = "\"${SRCROOT}/Pods/Target Support Files/Pods-JKNetWorkingDemo/Pods-JKNetWorkingDemo-resources.sh\"\n";
			showEnvVarsInLog = 0;
		};
/* End PBXShellScriptBuildPhase section */

/* Begin PBXSourcesBuildPhase section */
		BF08F9B81F7B7F0E008A3F66 /* Sources */ = {
			isa = PBXSourcesBuildPhase;
			buildActionMask = 2147483647;
			files = (
				BF505B24211D6EBD00B6CC79 /* JKNetWorking+Response.m in Sources */,
				042911551FE3C99800812F17 /* JKGuidePageWindow.m in Sources */,
				040C941C1FE8C3E6005727A7 /* JK_WKScriptMessageHandler.m in Sources */,
				BF505B15211D427200B6CC79 /* NetWorkHelper.m in Sources */,
				040C94221FE8EA8D005727A7 /* NSURLProtocol+WebKitCache.m in Sources */,
				BF505B21211D6E6900B6CC79 /* JKNetWorking+HTTPMethod.m in Sources */,
				04CE17E71FE7A30A002ECD5D /* JKUtility.m in Sources */,
				BF505B18211D6CF800B6CC79 /* JKNetWorking.m in Sources */,
				BF6240961FE635F900B336DE /* JKGuidePageViewController.m in Sources */,
				040C941F1FE8D876005727A7 /* NSObject+SelectorExtension.m in Sources */,
				BF505B1E211D6E3A00B6CC79 /* JKNetWorking+FailureRefresh.m in Sources */,
				BF505B1B211D6DE400B6CC79 /* JKNetWorking+Encrypt.m in Sources */,
				BF08F9C41F7B7F0E008A3F66 /* ViewController.m in Sources */,
				BF08F9CF1F7B7F0E008A3F66 /* main.m in Sources */,
				BF08F9C11F7B7F0E008A3F66 /* AppDelegate.m in Sources */,
			);
			runOnlyForDeploymentPostprocessing = 0;
		};
/* End PBXSourcesBuildPhase section */

/* Begin PBXVariantGroup section */
		BF08F9C51F7B7F0E008A3F66 /* Main.storyboard */ = {
			isa = PBXVariantGroup;
			children = (
				BF08F9C61F7B7F0E008A3F66 /* Base */,
			);
			name = Main.storyboard;
			sourceTree = "<group>";
		};
		BF08F9CA1F7B7F0E008A3F66 /* LaunchScreen.storyboard */ = {
			isa = PBXVariantGroup;
			children = (
				BF08F9CB1F7B7F0E008A3F66 /* Base */,
			);
			name = LaunchScreen.storyboard;
			sourceTree = "<group>";
		};
/* End PBXVariantGroup section */

/* Begin XCBuildConfiguration section */
		BF08F9D01F7B7F0E008A3F66 /* Debug */ = {
			isa = XCBuildConfiguration;
			buildSettings = {
				ALWAYS_SEARCH_USER_PATHS = NO;
				CLANG_ANALYZER_NONNULL = YES;
				CLANG_ANALYZER_NUMBER_OBJECT_CONVERSION = YES_AGGRESSIVE;
				CLANG_CXX_LANGUAGE_STANDARD = "gnu++14";
				CLANG_CXX_LIBRARY = "libc++";
				CLANG_ENABLE_MODULES = YES;
				CLANG_ENABLE_OBJC_ARC = YES;
				CLANG_WARN_BLOCK_CAPTURE_AUTORELEASING = YES;
				CLANG_WARN_BOOL_CONVERSION = YES;
				CLANG_WARN_COMMA = YES;
				CLANG_WARN_CONSTANT_CONVERSION = YES;
				CLANG_WARN_DIRECT_OBJC_ISA_USAGE = YES_ERROR;
				CLANG_WARN_DOCUMENTATION_COMMENTS = YES;
				CLANG_WARN_EMPTY_BODY = YES;
				CLANG_WARN_ENUM_CONVERSION = YES;
				CLANG_WARN_INFINITE_RECURSION = YES;
				CLANG_WARN_INT_CONVERSION = YES;
				CLANG_WARN_NON_LITERAL_NULL_CONVERSION = YES;
				CLANG_WARN_OBJC_LITERAL_CONVERSION = YES;
				CLANG_WARN_OBJC_ROOT_CLASS = YES_ERROR;
				CLANG_WARN_RANGE_LOOP_ANALYSIS = YES;
				CLANG_WARN_STRICT_PROTOTYPES = YES;
				CLANG_WARN_SUSPICIOUS_MOVE = YES;
				CLANG_WARN_UNGUARDED_AVAILABILITY = YES_AGGRESSIVE;
				CLANG_WARN_UNREACHABLE_CODE = YES;
				CLANG_WARN__DUPLICATE_METHOD_MATCH = YES;
				CODE_SIGN_IDENTITY = "iPhone Developer";
				COPY_PHASE_STRIP = NO;
				DEBUG_INFORMATION_FORMAT = dwarf;
				ENABLE_STRICT_OBJC_MSGSEND = YES;
				ENABLE_TESTABILITY = YES;
				GCC_C_LANGUAGE_STANDARD = gnu11;
				GCC_DYNAMIC_NO_PIC = NO;
				GCC_NO_COMMON_BLOCKS = YES;
				GCC_OPTIMIZATION_LEVEL = 0;
				GCC_PREPROCESSOR_DEFINITIONS = (
					"DEBUG=1",
					"$(inherited)",
				);
				GCC_WARN_64_TO_32_BIT_CONVERSION = YES;
				GCC_WARN_ABOUT_RETURN_TYPE = YES_ERROR;
				GCC_WARN_UNDECLARED_SELECTOR = YES;
				GCC_WARN_UNINITIALIZED_AUTOS = YES_AGGRESSIVE;
				GCC_WARN_UNUSED_FUNCTION = YES;
				GCC_WARN_UNUSED_VARIABLE = YES;
				IPHONEOS_DEPLOYMENT_TARGET = 11.0;
				MTL_ENABLE_DEBUG_INFO = YES;
				ONLY_ACTIVE_ARCH = YES;
				SDKROOT = iphoneos;
			};
			name = Debug;
		};
		BF08F9D11F7B7F0E008A3F66 /* Release */ = {
			isa = XCBuildConfiguration;
			buildSettings = {
				ALWAYS_SEARCH_USER_PATHS = NO;
				CLANG_ANALYZER_NONNULL = YES;
				CLANG_ANALYZER_NUMBER_OBJECT_CONVERSION = YES_AGGRESSIVE;
				CLANG_CXX_LANGUAGE_STANDARD = "gnu++14";
				CLANG_CXX_LIBRARY = "libc++";
				CLANG_ENABLE_MODULES = YES;
				CLANG_ENABLE_OBJC_ARC = YES;
				CLANG_WARN_BLOCK_CAPTURE_AUTORELEASING = YES;
				CLANG_WARN_BOOL_CONVERSION = YES;
				CLANG_WARN_COMMA = YES;
				CLANG_WARN_CONSTANT_CONVERSION = YES;
				CLANG_WARN_DIRECT_OBJC_ISA_USAGE = YES_ERROR;
				CLANG_WARN_DOCUMENTATION_COMMENTS = YES;
				CLANG_WARN_EMPTY_BODY = YES;
				CLANG_WARN_ENUM_CONVERSION = YES;
				CLANG_WARN_INFINITE_RECURSION = YES;
				CLANG_WARN_INT_CONVERSION = YES;
				CLANG_WARN_NON_LITERAL_NULL_CONVERSION = YES;
				CLANG_WARN_OBJC_LITERAL_CONVERSION = YES;
				CLANG_WARN_OBJC_ROOT_CLASS = YES_ERROR;
				CLANG_WARN_RANGE_LOOP_ANALYSIS = YES;
				CLANG_WARN_STRICT_PROTOTYPES = YES;
				CLANG_WARN_SUSPICIOUS_MOVE = YES;
				CLANG_WARN_UNGUARDED_AVAILABILITY = YES_AGGRESSIVE;
				CLANG_WARN_UNREACHABLE_CODE = YES;
				CLANG_WARN__DUPLICATE_METHOD_MATCH = YES;
				CODE_SIGN_IDENTITY = "iPhone Developer";
				COPY_PHASE_STRIP = NO;
				DEBUG_INFORMATION_FORMAT = "dwarf-with-dsym";
				ENABLE_NS_ASSERTIONS = NO;
				ENABLE_STRICT_OBJC_MSGSEND = YES;
				GCC_C_LANGUAGE_STANDARD = gnu11;
				GCC_NO_COMMON_BLOCKS = YES;
				GCC_WARN_64_TO_32_BIT_CONVERSION = YES;
				GCC_WARN_ABOUT_RETURN_TYPE = YES_ERROR;
				GCC_WARN_UNDECLARED_SELECTOR = YES;
				GCC_WARN_UNINITIALIZED_AUTOS = YES_AGGRESSIVE;
				GCC_WARN_UNUSED_FUNCTION = YES;
				GCC_WARN_UNUSED_VARIABLE = YES;
				IPHONEOS_DEPLOYMENT_TARGET = 11.0;
				MTL_ENABLE_DEBUG_INFO = NO;
				SDKROOT = iphoneos;
				VALIDATE_PRODUCT = YES;
			};
			name = Release;
		};
		BF08F9D31F7B7F0E008A3F66 /* Debug */ = {
			isa = XCBuildConfiguration;
			baseConfigurationReference = 759587BABC79822948681959 /* Pods-JKNetWorkingDemo.debug.xcconfig */;
			buildSettings = {
				ASSETCATALOG_COMPILER_APPICON_NAME = AppIcon;
				ASSETCATALOG_COMPILER_LAUNCHIMAGE_NAME = LaunchImage;
				CODE_SIGN_STYLE = Automatic;
				DEVELOPMENT_TEAM = 7C8N34NN9S;
				INFOPLIST_FILE = JKNetWorkingDemo/Info.plist;
				IPHONEOS_DEPLOYMENT_TARGET = 8.0;
				LD_RUNPATH_SEARCH_PATHS = "$(inherited) @executable_path/Frameworks";
				PRODUCT_BUNDLE_IDENTIFIER = com.zhaobei.JKNetWorkingDemo;
				PRODUCT_NAME = "$(TARGET_NAME)";
				TARGETED_DEVICE_FAMILY = "1,2";
			};
			name = Debug;
		};
		BF08F9D41F7B7F0E008A3F66 /* Release */ = {
			isa = XCBuildConfiguration;
			baseConfigurationReference = 680CCE8123418F9C37A49840 /* Pods-JKNetWorkingDemo.release.xcconfig */;
			buildSettings = {
				ASSETCATALOG_COMPILER_APPICON_NAME = AppIcon;
				ASSETCATALOG_COMPILER_LAUNCHIMAGE_NAME = LaunchImage;
				CODE_SIGN_STYLE = Automatic;
				DEVELOPMENT_TEAM = 7C8N34NN9S;
				INFOPLIST_FILE = JKNetWorkingDemo/Info.plist;
				IPHONEOS_DEPLOYMENT_TARGET = 8.0;
				LD_RUNPATH_SEARCH_PATHS = "$(inherited) @executable_path/Frameworks";
				PRODUCT_BUNDLE_IDENTIFIER = com.zhaobei.JKNetWorkingDemo;
				PRODUCT_NAME = "$(TARGET_NAME)";
				TARGETED_DEVICE_FAMILY = "1,2";
			};
			name = Release;
		};
/* End XCBuildConfiguration section */

/* Begin XCConfigurationList section */
		BF08F9B71F7B7F0E008A3F66 /* Build configuration list for PBXProject "JKNetWorkingDemo" */ = {
			isa = XCConfigurationList;
			buildConfigurations = (
				BF08F9D01F7B7F0E008A3F66 /* Debug */,
				BF08F9D11F7B7F0E008A3F66 /* Release */,
			);
			defaultConfigurationIsVisible = 0;
			defaultConfigurationName = Release;
		};
		BF08F9D21F7B7F0E008A3F66 /* Build configuration list for PBXNativeTarget "JKNetWorkingDemo" */ = {
			isa = XCConfigurationList;
			buildConfigurations = (
				BF08F9D31F7B7F0E008A3F66 /* Debug */,
				BF08F9D41F7B7F0E008A3F66 /* Release */,
			);
			defaultConfigurationIsVisible = 0;
			defaultConfigurationName = Release;
		};
/* End XCConfigurationList section */
	};
	rootObject = BF08F9B41F7B7F0E008A3F66 /* Project object */;
}
